version = 1
revision = 3
requires-python = ">=3.11"

[[package]]
name = "pygame-ce"
version = "2.5.7"
source = { registry = "https://pypi.org/simple" }
sdist = { url = "https://files.pythonhosted.org/packages/e9/0d/bb6a6fdf1b227c0bb9a44437a70962a3854bcc541533c261e5021a5ee691/pygame_ce-2.5.7.tar.gz", hash = "sha256:86beb797cd73c141299a29b56f7df2b0543fbdc81d428022458329ff694aaa51", size = 5935870, upload-time = "2026-03-02T09:26:59.005Z" }
wheels = [
    { url = "https://files.pythonhosted.org/packages/e7/db/4f899c372e114e6f7eab1546c46233fae621594cb0271cd8a967f1b38a06/pygame_ce-2.5.7-cp311-cp311-macosx_10_11_universal2.whl", hash = "sha256:903eab0a59563fd0d134e502a11c9f144d21dc93ee1f5b4b4eec31f8745142b4", size = 17229304, upload-time = "2026-03-02T09:25:33.293Z" },
    { url = "https://files.pythonhosted.org/packages/2b/c7/78d3fc4e27b4372cef878996a3973749bebf553758106dcc0ca7976acf9e/pygame_ce-2.5.7-cp311-cp311-manylinux2014_aarch64.manylinux_2_17_aarch64.whl", hash = "sha256:ec2f2d8c95d1a5c9bfc9ffbae4c356fd71bcbc4fde70e59e3d050261bacfe908", size = 12720096, upload-time = "2026-03-02T09:25:36.088Z" },
    { url = "https://files.pythonhosted.org/packages/72/9a/202c2c3f5e0eb8a016ce8bce185992c979866bb73ad7d8ab01d0de39577b/pygame_ce-2.5.7-cp311-cp311-manylinux2014_i686.manylinux_2_17_i686.whl", hash = "sha256:a980109b5aee984b78c884d607d4a406a92b63a8a7044180d0e2f8a26a7276a7", size = 13245692, upload-time = "2026-03-02T09:25:39.14Z" },
    { url = "https://files.pythonhosted.org/packages/4a/de/694c1bffb4c2b1afa5451549b38ae79372552085ec2cac8ec3244691c425/pygame_ce-2.5.7-cp311-cp311-manylinux2014_x86_64.manylinux_2_17_x86_64.whl", hash = "sha256:d35105bf5a453ffb64333bc3be685f8c55cbc4695c05733a68849a92345dcb45", size = 12820387, upload-time = "2026-03-02T09:25:41.817Z" },
    { url = "https://files.pythonhosted.org/packages/8c/1f/70b974faa39f3c8d622128eb6554f19b0531792c8fdc8d2575954c320d17/pygame_ce-2.5.7-cp311-cp311-win32.whl", hash = "sha256:ecac266ccd459e354d693f2150a065fc695a6ffcdf15eaca06709620bb837fea", size = 9835598, upload-time = "2026-03-02T09:25:44.387Z" },
    { url = "https://files.pythonhosted.org/packages/12/76/0366387cae2b9f4a2c0ccaa9a84f86db545e835bd933dc14d011765962f9/pygame_ce-2.5.7-cp311-cp311-win_amd64.whl", hash = "sha256:5ca51a671b5b6cfd747399f54fa91259d4b01980f517c9e8043f5c3e795f06ac", size = 10420750, upload-time = "2026-03-02T09:25:46.96Z" },
    { url = "https://files.pythonhosted.org/packages/c3/c1/e69e7ae0f66fc21e8af25d456f396e15c47002bdba86924b1e223d4b7fbd/pygame_ce-2.5.7-cp311-cp311-win_arm64.whl", hash = "sha256:1f5a7e5d08f26dc8e4a899be502e6ef06ac5a2800a442750267141bca7703ba7", size = 10858323, upload-time = "2026-03-02T09:25:49.572Z" },
    { url = "https://files.pythonhosted.org/packages/57/a7/cd305034f505bfa1a1acdafd3d86af54da14b29151a0d99f348306272773/pygame_ce-2.5.7-cp312-cp312-macosx_10_13_universal2.whl", hash = "sha256:dca2f8ba56bf3b4b8c73c4863d0603773403f4f66bc2fe25784ea74aee3fffc3", size = 17210332, upload-time = "2026-03-02T09:25:52.18Z" },
    { url = "https://files.pythonhosted.org/packages/e5/94/7f6304a31ccc7d11d4443e590cbfa6fce2bd34077575a7790d4f0a14f440/pygame_ce-2.5.7-cp312-cp312-manylinux2014_aarch64.manylinux_2_17_aarch64.whl", hash = "sha256:4dc989462faf2c5947881f708fa406d7ac13c1bc987c1588d630ca62ad369989", size = 12709001, upload-time = "2026-03-02T09:25:54.806Z" },
    { url = "https://files.pythonhosted.org/packages/09/8b/a7886b7bfe874fa381201ee538928af3c1cab2fe3e36927ed08f3f1d0b61/pygame_ce-2.5.7-cp312-cp312-manylinux2014_i686.manylinux_2_17_i686.whl", hash = "sha256:538689d77c44f5dbefc0abeab5b9806d6c90ebc6d64078736c8a4c731f08b37e", size = 13236706, upload-time = "2026-03-02T09:25:57.524Z" },
    { url = "https://files.pythonhosted.org/packages/db/17/70ada4cef84eca48a995cc9e0f2f087e6190b3e4111e9c8ec3c7a8f689bd/pygame_ce-2.5.7-cp312-cp312-manylinux2014_x86_64.manylinux_2_17_x86_64.whl", hash = "sha256:0d8fa8822c0f4b5ae6b44ada7be9f2193fd512da1381c37fa3c5bda8971d64cb", size = 12812909, upload-time = "2026-03-02T09:25:59.971Z" },
    { url = "https://files.pythonhosted.org/packages/40/db/1cfcfb7813ce6d2202919ad87c7e1b278a4f820902ba826df43dc8906e34/pygame_ce-2.5.7-cp312-cp312-win32.whl", hash = "sha256:604207c8813a594919bb7e6d3ed3834f79aa099d2d648e8a8fc3d786ad3fa1c8", size = 9837595, upload-time = "2026-03-02T09:26:02.573Z" },
    { url = "https://files.pythonhosted.org/packages/1f/d4/43b006affa13e2f4572aa28a0d1f64c91c330d289c30a022b5416245714c/pygame_ce-2.5.7-cp312-cp312-win_amd64.whl", hash = "sha256:b6b7eec2779fac11ed265a18ab926b3829654120a5c9a07c36eeedeb012b8c3c", size = 10414958, upload-time = "2026-03-02T09:26:05.25Z" },
    { url = "https://files.pythonhosted.org/packages/18/1b/971a432d8bab8c52031ddbd0e681750a57348213ec0f8a0e0d6713e8df46/pygame_ce-2.5.7-cp312-cp312-win_arm64.whl", hash = "sha256:eb99a8a7185057064163610b3ca3e1d3307f0eb3dfff6e19556fa5132c6bca87", size = 10859829, upload-time = "2026-03-02T09:26:08.06Z" },
    { url = "https://files.pythonhosted.org/packages/21/96/d28381210ec2ed5d7a04f77cd8f6949a7734f75a7a7d9a95fe8ed60fe3ba/pygame_ce-2.5.7-cp313-cp313-macosx_10_13_universal2.whl", hash = "sha256:8766985d802017e150fcfb9adc659967d8548a961d491b8974f0748412cc0427", size = 17203240, upload-time = "2026-03-02T09:26:10.975Z" },
    { url = "https://files.pythonhosted.org/packages/b8/f0/a3e4d0ad2519d106d178652ae7ec692e8acadf3d2260493840c27f8eabb8/pygame_ce-2.5.7-cp313-cp313-manylinux2014_aarch64.manylinux_2_17_aarch64.whl", hash = "sha256:58eabfc184dd28c682e5e6ccfce01224bb12653c6648babcd0bb9d9bd662d938", size = 12705532, upload-time = "2026-03-02T09:26:13.795Z" },
    { url = "https://files.pythonhosted.org/packages/13/0d/6d6c29aa5ecf63a66983bdf04066dc019290e7412f64b0ae5133c5e53d47/pygame_ce-2.5.7-cp313-cp313-manylinux2014_i686.manylinux_2_17_i686.whl", hash = "sha256:92d5732cd512c8ec0b47e9a3e6c683fb811bdf2090362580778ce698222a64ab", size = 13233559, upload-time = "2026-03-02T09:26:16.202Z" },
    { url = "https://files.pythonhosted.org/packages/fe/96/e400d3a2c6456e3a334d9fae1f8704d964027b60064935278028dd79293f/pygame_ce-2.5.7-cp313-cp313-manylinux2014_x86_64.manylinux_2_17_x86_64.whl", hash = "sha256:48e9a4ece43b08adc8ffb0bbbe0fe183eef4bb501a7d31552ae7398592ec0a82", size = 12811409, upload-time = "2026-03-02T09:26:19.148Z" },
    { url = "https://files.pythonhosted.org/packages/8f/ed/8e3c6f5d4ac763f6766c2043f842b2c52028b30a4ce2ce2f5dced5961354/pygame_ce-2.5.7-cp313-cp313-win32.whl", hash = "sha256:f6439100bdee81da96f5acffb280f20511c93dd67178d8a8cf29d6cfd1aa46dd", size = 9835553, upload-time = "2026-03-02T09:26:22.123Z" },
    { url = "https://files.pythonhosted.org/packages/06/a0/7acd164b3a206327bf53df5e5399227a5baf858ae2944cba562a0ae77e0a/pygame_ce-2.5.7-cp313-cp313-win_amd64.whl", hash = "sha256:25047c97760fc640a6a8bbfdf3398c5825adfd55986a7523a65c95a1fb61d759", size = 10413012, upload-time = "2026-03-02T09:26:24.747Z" },
    { url = "https://files.pythonhosted.org/packages/47/d5/e4419a340ae24bd0dde5a6861406c24114f59a543aad44f1d2f2ae4752d5/pygame_ce-2.5.7-cp313-cp313-win_arm64.whl", hash = "sha256:f5a7197096ef82d588539f13b0f7ade767f800c7b0b015a94e386f488e1039f6", size = 10856939, upload-time = "2026-03-02T09:26:27.107Z" },
    { url = "https://files.pythonhosted.org/packages/26/08/9fe0003d69077ff8faff242a85260b8a192d3b7111c02332b8b2f515d40c/pygame_ce-2.5.7-cp314-cp314-macosx_10_15_universal2.whl", hash = "sha256:addfbf7d119647eec157d611f463e5d572836fa74d0d222c59210294ed618b9d", size = 17211017, upload-time = "2026-03-02T09:26:30.243Z" },
    { url = "https://files.pythonhosted.org/packages/40/c7/217c5430c8c612879162beb2d18cb10ad8b1b4db6ce03245289a3de6bc1b/pygame_ce-2.5.7-cp314-cp314-manylinux2014_aarch64.manylinux_2_17_aarch64.whl", hash = "sha256:1c92feb289e34ac323a7b62b91d230a4e32b44059c4d7fb95631e504b1d9b365", size = 12710845, upload-time = "2026-03-02T09:26:33.165Z" },
    { url = "https://files.pythonhosted.org/packages/00/a4/6fb0054bfb2522c4ad3ff82ecbc9c1a3c6694c50d24f2451717121636a1d/pygame_ce-2.5.7-cp314-cp314-manylinux2014_x86_64.manylinux_2_17_x86_64.whl", hash = "sha256:5c1ed4100311015cc67d24fe4e4d7c2f4cb25c34e043545061271c1d018c02d4", size = 12812020, upload-time = "2026-03-02T09:26:35.953Z" },
    { url = "https://files.pythonhosted.org/packages/a2/9b/0e0996573a9dd4bb34874c10643224a72372818242e07486c9eb4a22eebb/pygame_ce-2.5.7-cp314-cp314-win32.whl", hash = "sha256:1b7e641af3aeac92bb7e4df1402d6802271f4bd09c747d2665f154ef9b07a4e6", size = 9968590, upload-time = "2026-03-02T09:26:38.517Z" },
    { url = "https://files.pythonhosted.org/packages/96/96/c94d0e508954093e37a77b03101a3cf51a242e02cc0ec726edcb117f8885/pygame_ce-2.5.7-cp314-cp314-win_amd64.whl", hash = "sha256:595f4257c15fed11cd816ae0bfabad3d99f8f04a000d7d164a22c0f9afd6cb65", size = 10581240, upload-time = "2026-03-02T09:26:41.139Z" },
    { url = "https://files.pythonhosted.org/packages/81/bb/93c5dadb66ac9733ca52952e063cce117a9312d6f97facd5dc4932f3d777/pygame_ce-2.5.7-cp314-cp314-win_arm64.whl", hash = "sha256:3e6ce74fd5a5f146f1bcf0224ae3e880c733917a9edbb53f790329d235520433", size = 11057480, upload-time = "2026-03-02T09:26:43.871Z" },
    { url = "https://files.pythonhosted.org/packages/69/55/c4397d5c0c0d459d3c0dbda0cb55f7fae778117c6a3d89736968f2978a3e/pygame_ce-2.5.7-pp311-pypy311_pp73-macosx_10_15_universal2.whl", hash = "sha256:8718bc75cd4ec4bd2b0b4862e5c615b119a45038e4572c9030731db3c6740cfe", size = 17126026, upload-time = "2026-03-02T09:26:46.441Z" },
    { url = "https://files.pythonhosted.org/packages/28/7c/dad02bf97b55a71bff3e60e8909ac2be58f27520094e9182ed00ea70e4e4/pygame_ce-2.5.7-pp311-pypy311_pp73-manylinux2014_aarch64.manylinux_2_17_aarch64.whl", hash = "sha256:6e4289438b0b530bbfa6e2a9088a5b4a9dc0524b6d60989c846e2c74cd149f77", size = 12670197, upload-time = "2026-03-02T09:26:49.238Z" },
    { url = "https://files.pythonhosted.org/packages/1c/da/1506934539127781ea52bd826ceb620c4a7456c52bd5410d12259a95741c/pygame_ce-2.5.7-pp311-pypy311_pp73-manylinux2014_i686.manylinux_2_17_i686.whl", hash = "sha256:01c48daf8fccb66e8750d5d26bf20e3f0dc484a5f7748fa98fd7e2ac69a2f7f5", size = 13186464, upload-time = "2026-03-02T09:26:51.784Z" },
    { url = "https://files.pythonhosted.org/packages/a6/6f/4ba6bd545113767ea1fc8204d2d6616fd749bb4f931c5357f90adf45ddd7/pygame_ce-2.5.7-pp311-pypy311_pp73-manylinux2014_x86_64.manylinux_2_17_x86_64.whl", hash = "sha256:8ac7120a6c39c042abdc6bd2f5491f7121936c68c425235b52dc451ed9583dbf", size = 12767531, upload-time = "2026-03-02T09:26:54.314Z" },
    { url = "https://files.pythonhosted.org/packages/21/e8/5e3782901f10ce39724797b4ed48138da69ce03332dde7bc21c15475684f/pygame_ce-2.5.7-pp311-pypy311_pp73-win_amd64.whl", hash = "sha256:d79c4f961ffa89183380c4284914ed2f693591baec7fb92e42f05857dd8664bd", size = 10376956, upload-time = "2026-03-02T09:26:56.724Z" },
]

[[package]]
name = "pyglm"
version = "2.8.3"
source = { registry = "https://pypi.org/simple" }
sdist = { url = "https://files.pythonhosted.org/packages/41/8b/bdaf7b9cacecd28f7b4c6fc2d7d136824c506ad38cfdb37a05ea7ec88694/pyglm-2.8.3.tar.gz", hash = "sha256:161781ea4d1267f796b645f85ebff53aeb8ee4f13b4e993c04d64c96d286e534", size = 584038, upload-time = "2025-11-26T12:12:59.47Z" }
wheels = [
    { url = "https://files.pythonhosted.org/packages/db/08/3a3e227515a7e4511699bb467379e8184fe883ba17a96adfa8b246e4a7b1/pyglm-2.8.3-cp311-cp311-macosx_10_9_x86_64.whl", hash = "sha256:94c7eb9c967423a123306f3a1bf66691cd66ed5ef17165c29424c096a2f96537", size = 1624376, upload-time = "2025-11-26T12:11:13.161Z" },
    { url = "https://files.pythonhosted.org/packages/f7/23/beab60070ef7dcfbac7de7e6512e42eea8ffad0a11ff59ab6b1c82849ef5/pyglm-2.8.3-cp311-cp311-macosx_11_0_arm64.whl", hash = "sha256:43ac57b7ec33f0ec1e7224a4a8833c0f1405c446177e5abcd6d87867d286f8b3", size = 1359776, upload-time = "2025-11-26T12:11:14.27Z" },
    { url = "https://files.pythonhosted.org/packages/5d/39/8449cc2901a6693e89ed2f5d6913d99cc16816e8b539662700c11e341487/pyglm-2.8.3-cp311-cp311-manylinux2014_aarch64.manylinux_2_17_aarch64.whl", hash = "sha256:4ccdc19eb1b432297aebc60e8f72f7870186f2defdaf2e0d0a5bc449057dad01", size = 12081814, upload-time = "2025-11-26T12:11:15.601Z" },
    { url = "https://files.pythonhosted.org/packages/a5/52/a3e9b3e91b312e0b21e21ba587bca9601e032e33e2693be7a9c864660e72/pyglm-2.8.3-cp311-cp311-manylinux2014_x86_64.manylinux_2_17_x86_64.whl", hash = "sha256:2f1424cd0a5d49bc0d8c43a9028a471dcb90a22ba1954baad9158659726f256c", size = 12703254, upload-time = "2025-11-26T12:11:17.402Z" },
    { url = "https://files.pythonhosted.org/packages/c6/c7/f76f2dd862a00e1a34e9ef76a6d5ccf7454224f734b9ff5d5780dd6ddf16/pyglm-2.8.3-cp311-cp311-manylinux_2_34_aarch64.whl", hash = "sha256:32e7a2815f39a49f5434d66d2d109c020d3e7125044905d3afebcb597d6a583e", size = 10827408, upload-time = "2025-11-26T12:11:19.066Z" },
    { url = "https://files.pythonhosted.org/packages/7c/5d/73cfdde12032bf741cb2e3de5467814b57611d32f5e42c4196847a75e777/pyglm-2.8.3-cp311-cp311-manylinux_2_34_x86_64.whl", hash = "sha256:96da922be7d7d754f2ea269687c9215906ecc651b5f197ff92dcb497230d5f57", size = 11646495, upload-time = "2025-11-26T12:11:20.895Z" },
    { url = "https://files.pythonhosted.org/packages/4b/42/ef3cddd57fb8e0ab5b44bd0146704efa1e651015bf85296b16e0413890e7/pyglm-2.8.3-cp311-cp311-musllinux_1_2_aarch64.whl", hash = "sha256:71132521c65b43badb3338edc12102eafacc4bf8597378ea7bb57a700975ce77", size = 11876783, upload-time = "2025-11-26T12:11:22.723Z" },
    { url = "https://files.pythonhosted.org/packages/73/70/55c2c56c9b29e9862ddafabfc90b97615c0470424fdddfaff7c56092e79c/pyglm-2.8.3-cp311-cp311-musllinux_1_2_x86_64.whl", hash = "sha256:957816050c3bded151be3183e3160e7fc6b31f708b17d282f6c401ba1536f2a4", size = 12711844, upload-time = "2025-11-26T12:11:24.948Z" },
    { url = "https://files.pythonhosted.org/packages/ee/1e/891cede4878d7b0644b96af3999c5417c50bfccce18b2653ffc02e7483fe/pyglm-2.8.3-cp311-cp311-win_amd64.whl", hash = "sha256:ae0dd576e89638654079f554d3f41b5d463ff6fee68961e4cd8b23069bff7e55", size = 1659367, upload-time = "2025-11-26T12:11:27.071Z" },
    { url = "https://files.pythonhosted.org/packages/e4/7b/2042502444d7d823e1e5f8c8776f8fe029b90da57ae76ec245c4f2263e39/pyglm-2.8.3-cp311-cp311-win_arm64.whl", hash = "sha256:28dba29d5b80cd9e81cf9875290bcedb451c83ca532de90c451d5b3a79727fcc", size = 1240884, upload-time = "2025-11-26T12:11:28.177Z" },
    { url = "https://files.pythonhosted.org/packages/9a/a0/8759ed290b8d9830a6beda947c48cfb4e7ac9a14c04c8b612e1954dd0cf8/pyglm-2.8.3-cp312-cp312-macosx_10_13_x86_64.whl", hash = "sha256:72c75bd76ade851bf5c2b12cbe384193ea901a73474d57e4d7044bbbcd7d08fd", size = 1608534, upload-time = "2025-11-26T12:11:29.277Z" },
    { url = "https://files.pythonhosted.org/packages/77/36/5feaf47a5f105cf478505cde5e32b4ce19649a11f802afaee1063ad3adaf/pyglm-2.8.3-cp312-cp312-macosx_11_0_arm64.whl", hash = "sha256:570da7032ff1185c842c5864d080ee5eab091fa53ec217b8d4d4034c22ba744f", size = 1362644, upload-time = "2025-11-26T12:11:30.774Z" },
    { url = "https://files.pythonhosted.org/packages/f9/6d/840566e3cbadb4d66d60c112f2c507260b46aa674e6fd22913493cfb7cd4/pyglm-2.8.3-cp312-cp312-manylinux2014_aarch64.manylinux_2_17_aarch64.whl", hash = "sha256:a14f1ffdc30a6f53334d16651888f60a2f8a63e05613357234c5592747b906bf", size = 12155701, upload-time = "2025-11-26T12:11:32.54Z" },
    { url = "https://files.pythonhosted.org/packages/f1/97/3e6648727f597885f4e6d92b77b49dc2fa2b65a2b9ea3ab35caaff06e072/pyglm-2.8.3-cp312-cp312-manylinux2014_x86_64.manylinux_2_17_x86_64.whl", hash = "sha256:1d2305b258bebc358e00b8c85c3bc2d6f78d64f9b3f8802e1699c3e8dae54361", size = 12785652, upload-time = "2025-11-26T12:11:34.449Z" },
    { url = "https://files.pythonhosted.org/packages/e4/9c/04c525d78356e6493d0abc3ea945802befd5b813b1820e5b78dd5ca2f072/pyglm-2.8.3-cp312-cp312-manylinux_2_34_aarch64.whl", hash = "sha256:f80d208e558a024a3dc83300bd661a71aa4cda884a256c5b87179059a1c55373", size = 10886479, upload-time = "2025-11-26T12:11:36.324Z" },
    { url = "https://files.pythonhosted.org/packages/eb/20/d4003e53a590b8dd8fa9ab2e6848a1acaeb8d239c95161dc2e05f5972c9c/pyglm-2.8.3-cp312-cp312-manylinux_2_34_x86_64.whl", hash = "sha256:8abf221111db95e34620e446a853d43c887ced10d5c217e2df18471c9ac683ef", size = 11711522, upload-time = "2025-11-26T12:11:38.639Z" },
    { url = "https://files.pythonhosted.org/packages/f0/15/2b1a7761b33c309f4c14ce505f671fb75cc2c4b285af8fdcfb6d580cc1be/pyglm-2.8.3-cp312-cp312-musllinux_1_2_aarch64.whl", hash = "sha256:71ace7b15dd6d2ea9dbeadd43738ce69e7134547fc4674617084df5096e9b866", size = 11938446, upload-time = "2025-11-26T12:11:40.36Z" },
    { url = "https://files.pythonhosted.org/packages/9b/e7/9cbee60fbd66592a0cc46ad4e26c4bd26d55f45411323a5b03e3bd9a33d5/pyglm-2.8.3-cp312-cp312-musllinux_1_2_x86_64.whl", hash = "sha256:04be7de24547130b8d413bc96ab9998d95db89cbaf224f401624ac1fa62bc431", size = 12773288, upload-time = "2025-11-26T12:11:42.44Z" },
    { url = "https://files.pythonhosted.org/packages/70/11/c80ffa11495b5788cfa5d021ae3bdbef20c941ead87911b2d50d534b2054/pyglm-2.8.3-cp312-cp312-win_amd64.whl", hash = "sha256:5f7ff6f4ac14b092d897931b9ef76bb8108b5faa6f5118963c9de86c6fa18efc", size = 1663004, upload-time = "2025-11-26T12:11:44.1Z" },
    { url = "https://files.pythonhosted.org/packages/f5/d6/a24ac1280fc1cd03fe1ff0fa2632fbafdee1a4abe9cd319cb0ae6aed99bf/pyglm-2.8.3-cp312-cp312-win_arm64.whl", hash = "sha256:ba2de300dbaf39cb6cd82ce7db05a8dcf85bb7dacf1ec65db18b1ebc34438a0d", size = 1239976, upload-time = "2025-11-26T12:11:45.196Z" },
    { url = "https://files.pythonhosted.org/packages/2d/22/ee11dff20adfc6aac3e0482ed275843e0b9854dbc2e812ab56cdacbed8d6/pyglm-2.8.3-cp313-cp313-macosx_10_13_x86_64.whl", hash = "sha256:7a6d07b6b73e55a36e1b6daa63acb53f4912f2ddf88f434af4cc70441435aef8", size = 1608547, upload-time = "2025-11-26T12:11:46.426Z" },
    { url = "https://files.pythonhosted.org/packages/1e/5f/10c4cd636c3e6c63328a476f84bb03501d8016f12053c3a82ba588fc61ce/pyglm-2.8.3-cp313-cp313-macosx_11_0_arm64.whl", hash = "sha256:eaf6241f7c3ff169575e11da78f4439422517e42558961332db4cd09e9599267", size = 1362651, upload-time = "2025-11-26T12:11:47.555Z" },
    { url = "https://files.pythonhosted.org/packages/ff/70/2c7fe768900ee9d0f87e7a89375fa7d83b5b0a8f0eee8d0ad06b22a96e37/pyglm-2.8.3-cp313-cp313-manylinux2014_aarch64.manylinux_2_17_aarch64.whl", hash = "sha256:e1ec0dfb8f2c848c4ee6330c70a1ca9333004776c8e5ec76096e0b67c739f688", size = 12157160, upload-time = "2025-11-26T12:11:49.042Z" },
    { url = "https://files.pythonhosted.org/packages/b0/a6/befefccf1c8a0a66f09a7a1a1d324a3f988cb5e6b634026280518e5a83cd/pyglm-2.8.3-cp313-cp313-manylinux2014_x86_64.manylinux_2_17_x86_64.whl", hash = "sha256:3eea9093210afb946769c84fe31f17a9f73696a1161ee84fb42e9255f8c5cc8a", size = 12787899, upload-time = "2025-11-26T12:11:50.946Z" },
    { url = "https://files.pythonhosted.org/packages/7c/d2/5475d0791b585ae26dc0d690862a0e1e6fda243552a1718628dd937e5543/pyglm-2.8.3-cp313-cp313-manylinux_2_34_aarch64.whl", hash = "sha256:0c652650912dbd88994fa02ec9dba2f3b35dc3995427b6ae8056ae542d5a060a", size = 10886936, upload-time = "2025-11-26T12:11:53.628Z" },
    { url = "https://files.pythonhosted.org/packages/e1/a1/035068410f60ed53007e0488af96f7e4634b679e9156d1090e70732b2159/pyglm-2.8.3-cp313-cp313-manylinux_2_34_x86_64.whl", hash = "sha256:e3bdda68f75ad270e66b0fc7a1883749489cca14c44cbe22bac038fa170a8a1c", size = 11711601, upload-time = "2025-11-26T12:11:55.367Z" },
    { url = "https://files.pythonhosted.org/packages/b5/e6/286d1879eae87199f086136b08c70a3bff27880417f98dadc0cbcdb65e50/pyglm-2.8.3-cp313-cp313-musllinux_1_2_aarch64.whl", hash = "sha256:08f8b1bd0d80ce396ee9cd5d3d4c7aeb4bbfa2a54dc73413924e3c9982412528", size = 11939755, upload-time = "2025-11-26T12:11:57.23Z" },
    { url = "https://files.pythonhosted.org/packages/72/58/f40f109ac025bb18412db78e6e73ffc20a17b6b495de90352f5aabfb9982/pyglm-2.8.3-cp313-cp313-musllinux_1_2_x86_64.whl", hash = "sha256:12fa61feefa5a255097d0887415bce9dd72c1dd5e5a8c6577121ee5348336a16", size = 12774242, upload-time = "2025-11-26T12:11:59.051Z" },
    { url = "https://files.pythonhosted.org/packages/17/fd/71b44ee5ac341e9979731a7b868e237f3775e140a9481cea79bae7abb83c/pyglm-2.8.3-cp313-cp313-win_amd64.whl", hash = "sha256:33118ef1d678ab573546757dee7f0a1ca2fba8e8d7760c9fe6320fe0cfa3deb7", size = 1663010, upload-time = "2025-11-26T12:12:00.914Z" },
    { url = "https://files.pythonhosted.org/packages/fa/1e/9b8ba9d4627585797d8bda952412c93a4c09b70cb25e64756a52accddc1e/pyglm-2.8.3-cp313-cp313-win_arm64.whl", hash = "sha256:73ff3785dfc4ce017626d7ab56d6711a7119c29e2e71294efed73810c1d307f9", size = 1239893, upload-time = "2025-11-26T12:12:02.032Z" },
    { url = "https://files.pythonhosted.org/packages/65/fe/494d7dce3fcaf0123e787320b4a558d8fe733d6d0e23b7fe51e687f88dc2/pyglm-2.8.3-cp314-cp314-macosx_10_15_x86_64.whl", hash = "sha256:b312012458d0537b3d84f24f4ba51fd3930df7a0773fc643e36f8df27b807c7a", size = 1610593, upload-time = "2025-11-26T12:12:03.136Z" },
    { url = "https://files.pythonhosted.org/packages/27/c0/37cced4a1b29957a29baebc1f0034be5d5419adf12da4b99140c56152cdb/pyglm-2.8.3-cp314-cp314-macosx_11_0_arm64.whl", hash = "sha256:3249bfe5352e18cc777fac591665679a99f270e1ff27cd11dc349af07684f007", size = 1366295, upload-time = "2025-11-26T12:12:04.176Z" },
    { url = "https://files.pythonhosted.org/packages/a7/ba/186176d1c3e26196ae4bec4b228bdbb1304576f2038a7f1635070923ee48/pyglm-2.8.3-cp314-cp314-manylinux2014_aarch64.manylinux_2_17_aarch64.whl", hash = "sha256:cb8ea0d6721c763a26eacde59b2c9165719050dcf49c99a2857f6e1e5a5f30bb", size = 12140715, upload-time = "2025-11-26T12:12:05.429Z" },
    { url = "https://files.pythonhosted.org/packages/eb/3e/8d9f307649e9b79b34ae51303e46e7012cc2550d60e6dd00ea8d3d8c9cf2/pyglm-2.8.3-cp314-cp314-manylinux2014_x86_64.manylinux_2_17_x86_64.whl", hash = "sha256:83effb89e2cf6dd79cf9ebecf2f9fbda3d25a92b61af264de3cadad408911de6", size = 12764551, upload-time = "2025-11-26T12:12:07.403Z" },
    { url = "https://files.pythonhosted.org/packages/4c/d6/2481433abe537d7019d9ce75eba86b57e1731e3e0352fd1ac7f31f4d1883/pyglm-2.8.3-cp314-cp314-manylinux_2_34_aarch64.whl", hash = "sha256:e958d65ed55f2716fd8a3a2ef872cc52893ea7300d7feec62dccb27ec25fbc2f", size = 10869966, upload-time = "2025-11-26T12:12:09.198Z" },
    { url = "https://files.pythonhosted.org/packages/fe/bf/3c78a9718e1d26c5b6ec468a584eb30cd797c46b6edd08e79cb1d67e8bf0/pyglm-2.8.3-cp314-cp314-manylinux_2_34_x86_64.whl", hash = "sha256:ec7cc14d2eb9f46a18012ee7c1a164e0395b058ceb6e341bf6d986316b698574", size = 11693025, upload-time = "2025-11-26T12:12:10.948Z" },
    { url = "https://files.pythonhosted.org/packages/d3/0d/00ef293153b6ca7e56d1be6facbd9d0a8e331d0c6d3114f47f2cf2913eda/pyglm-2.8.3-cp314-cp314-musllinux_1_2_aarch64.whl", hash = "sha256:4beb0ada21e7641a577f274496451befcde79965467ef4027bd933334b3de39b", size = 11920727, upload-time = "2025-11-26T12:12:12.845Z" },
    { url = "https://files.pythonhosted.org/packages/4e/10/d8ecf9b5ac3b6fc1b179b33dfbd087b8f4d4b12bab99b5794f569a15a99a/pyglm-2.8.3-cp314-cp314-musllinux_1_2_x86_64.whl", hash = "sha256:77878c1b8c713b9e39fe32f870d82e20c864da3b11a3b875eca06c270b04cdbe", size = 12759345, upload-time = "2025-11-26T12:12:14.705Z" },
    { url = "https://files.pythonhosted.org/packages/a1/d1/cc1f75ee77fd2f9bcb122bc7f3a628710fe3f0bc517333fa9f38268a7065/pyglm-2.8.3-cp314-cp314-win_amd64.whl", hash = "sha256:15c77bc46ff69d945565309e13ca99c4a001d6a941a80c45f26fbdec80fa16c4", size = 1710524, upload-time = "2025-11-26T12:12:16.486Z" },
    { url = "https://files.pythonhosted.org/packages/35/51/74c0a3107567dc769c06b6c04c7bc828f33792e089036c637334b7e4c573/pyglm-2.8.3-cp314-cp314-win_arm64.whl", hash = "sha256:2b16ec33bd43c514502bae8de2b319d168259090e101e1cde79cd0a7d33e1185", size = 1271521, upload-time = "2025-11-26T12:12:17.611Z" },
    { url = "https://files.pythonhosted.org/packages/32/8e/867045b54da8257b21c71c0255ba7a231c251aae4b5f26b12eb50b651cc7/pyglm-2.8.3-cp314-cp314t-macosx_10_15_x86_64.whl", hash = "sha256:6a1f1ab8debc06e0fdedb3f4285ded4bec38bf075652c393039838504767e6cf", size = 1633871, upload-time = "2025-11-26T12:12:18.791Z" },
    { url = "https://files.pythonhosted.org/packages/93/f5/81bb8b52e132dc1ecc87b7ffb50c714b4fd2f71f98b801dd376e036f942b/pyglm-2.8.3-cp314-cp314t-macosx_11_0_arm64.whl", hash = "sha256:a7835d18747ab9f8e736e343cc35bee0a514f18add282f1fc8035945fcf9d9bd", size = 1387757, upload-time = "2025-11-26T12:12:20.497Z" },
    { url = "https://files.pythonhosted.org/packages/32/40/8581283c00e2a18a6bb20a9192e25a792b605c53dee1c3abb8871eb0d3ca/pyglm-2.8.3-cp314-cp314t-manylinux2014_aarch64.manylinux_2_17_aarch64.whl", hash = "sha256:af3ddee3d150bbef68ee7338ccd3e0710b75b08121b8efd52d786b0d2b6731be", size = 12724921, upload-time = "2025-11-26T12:12:21.802Z" },
    { url = "https://files.pythonhosted.org/packages/a0/0e/bc3c03038da822d1a66c38e166d4c89b6bdab846e576ac226442813af7f4/pyglm-2.8.3-cp314-cp314t-manylinux2014_x86_64.manylinux_2_17_x86_64.whl", hash = "sha256:0a76c8eaba0c58f5738e87be5efcd16c4e75540fe6ebfdf15c236a799a61358e", size = 13317946, upload-time = "2025-11-26T12:12:23.947Z" },
    { url = "https://files.pythonhosted.org/packages/3b/21/b1f52dc73d610e36aa3ccf3ef61634530e6f97c2ca809a057839bf578667/pyglm-2.8.3-cp314-cp314t-manylinux_2_34_aarch64.whl", hash = "sha256:879ee9ab3c8ab47b1de59fe7e593eda854b8349f274ca60f057b83f3a405b84d", size = 11371582, upload-time = "2025-11-26T12:12:25.768Z" },
    { url = "https://files.pythonhosted.org/packages/16/aa/e03cc7a2daceb1bbdf98780a991a323e4078254584cf6664984a626ecfe1/pyglm-2.8.3-cp314-cp314t-manylinux_2_34_x86_64.whl", hash = "sha256:3e37c15b6c3e08f960b34ff9ec42e73469dfd868aec214e8a347da6c9d0245d6", size = 12192848, upload-time = "2025-11-26T12:12:28.606Z" },
    { url = "https://files.pythonhosted.org/packages/69/07/be893aee24a9a8b5400feda4d032fad9d281047d4379aa9f5ef4bea1f6a4/pyglm-2.8.3-cp314-cp314t-musllinux_1_2_aarch64.whl", hash = "sha256:bd34a8670debef4a55bc756b14cbe8b0a4daa49f8f6850c86c5e11d20554927f", size = 12414214, upload-time = "2025-11-26T12:12:30.438Z" },
    { url = "https://files.pythonhosted.org/packages/0c/06/6bb4e8a09f7dd2bf8dc1f4cc5edc938fc1247a1b2770833515fb418fc695/pyglm-2.8.3-cp314-cp314t-musllinux_1_2_x86_64.whl", hash = "sha256:699f852e0335b79d0b664ba1c2d02cb4689256cda786e7780e821f60b0824c46", size = 13237516, upload-time = "2025-11-26T12:12:32.412Z" },
    { url = "https://files.pythonhosted.org/packages/2b/5c/7f15edd05020540748dad8f5eae0a07ed7f14f699bff530172b8850bd998/pyglm-2.8.3-cp314-cp314t-win_amd64.whl", hash = "sha256:78caadaf9cc2ddea1c55b0d44fa8032f35c9f821a6f152b72422e5657d38f01d", size = 1764614, upload-time = "2025-11-26T12:12:34.498Z" },
    { url = "https://files.pythonhosted.org/packages/a7/f9/8bc8d010503a250319c55d2ceec5f90b0e807c7f85d581638c5ecd0a81de/pyglm-2.8.3-cp314-cp314t-win_arm64.whl", hash = "sha256:69400ad1852ca0972e4d9cbef9d9510941d4b81dc0fffebc5ac796a85440a119", size = 1292992, upload-time = "2025-11-26T12:12:35.681Z" },
]

[[package]]
name = "software-renderer-py"
version = "0.1.0"
source = { editable = "." }
dependencies = [
    { name = "pygame-ce" },
    { name = "pyglm" },
]

[package.metadata]
requires-dist = [
    { name = "pygame-ce", specifier = ">=2.5.2" },
    { name = "pyglm", specifier = ">=2.7.3" },
]
